
Microsoft Visual Studio Solution File, Format Version 12.00
Project("{FAE04EC0-301F-11D3-BF4B-00C04F79EFBC}") = "Day1", "Day1\Day1.csproj", "{CF6630E5-2D33-4336-B637-F376F3B32CD3}"
EndProject
Project("{FAE04EC0-301F-11D3-BF4B-00C04F79EFBC}") = "Common", "Common\Common.csproj", "{C5443E93-F8C0-4D27-A00F-1FDF8135E9B2}"
EndProject
Project("{FAE04EC0-301F-11D3-BF4B-00C04F79EFBC}") = "Day2", "Day2\Day2.csproj", "{48DE571E-D5DF-4339-90B3-2E09963399B1}"
EndProject
Project("{FAE04EC0-301F-11D3-BF4B-00C04F79EFBC}") = "Day3", "Day3\Day3.csproj", "{4C981F4C-A158-4AA4-8059-340819294ACC}"
EndProject
Global
	GlobalSection(SolutionConfigurationPlatforms) = preSolution
		Debug|Any CPU = Debug|Any CPU
		Release|Any CPU = Release|Any CPU
	EndGlobalSection
	GlobalSection(ProjectConfigurationPlatforms) = postSolution
		{CF6630E5-2D33-4336-B637-F376F3B32CD3}.Debug|Any CPU.ActiveCfg = Debug|Any CPU
		{CF6630E5-2D33-4336-B637-F376F3B32CD3}.Debug|Any CPU.Build.0 = Debug|Any CPU
		{CF6630E5-2D33-4336-B637-F376F3B32CD3}.Release|Any CPU.ActiveCfg = Release|Any CPU
		{CF6630E5-2D33-4336-B637-F376F3B32CD3}.Release|Any CPU.Build.0 = Release|Any CPU
		{C5443E93-F8C0-4D27-A00F-1FDF8135E9B2}.Debug|Any CPU.ActiveCfg = Debug|Any CPU
		{C5443E93-F8C0-4D27-A00F-1FDF8135E9B2}.Debug|Any CPU.Build.0 = Debug|Any CPU
		{C5443E93-F8C0-4D27-A00F-1FDF8135E9B2}.Release|Any CPU.ActiveCfg = Release|Any CPU
		{C5443E93-F8C0-4D27-A00F-1FDF8135E9B2}.Release|Any CPU.Build.0 = Release|Any CPU
		{48DE571E-D5DF-4339-90B3-2E09963399B1}.Debug|Any CPU.ActiveCfg = Debug|Any CPU
		{48DE571E-D5DF-4339-90B3-2E09963399B1}.Debug|Any CPU.Build.0 = Debug|Any CPU
		{48DE571E-D5DF-4339-90B3-2E09963399B1}.Release|Any CPU.ActiveCfg = Release|Any CPU
		{48DE571E-D5DF-4339-90B3-2E09963399B1}.Release|Any CPU.Build.0 = Release|Any CPU
		{4C981F4C-A158-4AA4-8059-340819294ACC}.Debug|Any CPU.ActiveCfg = Debug|Any CPU
		{4C981F4C-A158-4AA4-8059-340819294ACC}.Debug|Any CPU.Build.0 = Debug|Any CPU
		{4C981F4C-A158-4AA4-8059-340819294ACC}.Release|Any CPU.ActiveCfg = Release|Any CPU
		{4C981F4C-A158-4AA4-8059-340819294ACC}.Release|Any CPU.Build.0 = Release|Any CPU
	EndGlobalSection
EndGlobal
